
Microsoft Visual Studio Solution File, Format Version 12.00
# Visual Studio Version 17
VisualStudioVersion = 17.0.31903.59
MinimumVisualStudioVersion = 10.0.40219.1
Project("{2150E333-8FDC-42A3-9474-1A3956D46DE8}") = "src", "src", "{827E0CD3-B72D-47B6-A68D-7590B98EB39B}"
EndProject
Project("{FAE04EC0-301F-11D3-BF4B-00C04F79EFBC}") = "MeuProjeto.Dominio", "src\MeuProjeto.Dominio\MeuProjeto.Dominio.csproj", "{D5BC5E9A-4EE6-409D-A754-5D00380B1801}"
EndProject
Project("{FAE04EC0-301F-11D3-BF4B-00C04F79EFBC}") = "MeuProjeto.Aplicacao", "src\MeuProjeto.Aplicacao\MeuProjeto.Aplicacao.csproj", "{6FC52CF0-F894-499F-9DC4-F3CE26C7618A}"
EndProject
Project("{FAE04EC0-301F-11D3-BF4B-00C04F79EFBC}") = "MeuProjeto.Infraestrutura", "src\MeuProjeto.Infraestrutura\MeuProjeto.Infraestrutura.csproj", "{D2847BB2-46F6-42FF-A36A-9DEAF72A1047}"
EndProject
Project("{FAE04EC0-301F-11D3-BF4B-00C04F79EFBC}") = "MeuProjeto.Api", "src\MeuProjeto.Api\MeuProjeto.Api.csproj", "{A550B01F-4387-4CCB-820F-0197085C1671}"
EndProject
Project("{FAE04EC0-301F-11D3-BF4B-00C04F79EFBC}") = "MeuProjeto.Web", "src\MeuProjeto.Web\MeuProjeto.Web.csproj", "{603DEF23-08DD-4716-9385-EC0DD8AAC16B}"
EndProject
Project("{FAE04EC0-301F-11D3-BF4B-00C04F79EFBC}") = "MeuProjeto.Aplicacao.Testes", "src\MeuProjeto.Aplicacao.Testes\MeuProjeto.Aplicacao.Testes.csproj", "{432630F2-82AD-4C3A-B8BD-CBE621CBDC5F}"
EndProject
Global
	GlobalSection(SolutionConfigurationPlatforms) = preSolution
		Debug|Any CPU = Debug|Any CPU
		Debug|x64 = Debug|x64
		Debug|x86 = Debug|x86
		Release|Any CPU = Release|Any CPU
		Release|x64 = Release|x64
		Release|x86 = Release|x86
	EndGlobalSection
	GlobalSection(ProjectConfigurationPlatforms) = postSolution
		{D5BC5E9A-4EE6-409D-A754-5D00380B1801}.Debug|Any CPU.ActiveCfg = Debug|Any CPU
		{D5BC5E9A-4EE6-409D-A754-5D00380B1801}.Debug|Any CPU.Build.0 = Debug|Any CPU
		{D5BC5E9A-4EE6-409D-A754-5D00380B1801}.Debug|x64.ActiveCfg = Debug|Any CPU
		{D5BC5E9A-4EE6-409D-A754-5D00380B1801}.Debug|x64.Build.0 = Debug|Any CPU
		{D5BC5E9A-4EE6-409D-A754-5D00380B1801}.Debug|x86.ActiveCfg = Debug|Any CPU
		{D5BC5E9A-4EE6-409D-A754-5D00380B1801}.Debug|x86.Build.0 = Debug|Any CPU
		{D5BC5E9A-4EE6-409D-A754-5D00380B1801}.Release|Any CPU.ActiveCfg = Release|Any CPU
		{D5BC5E9A-4EE6-409D-A754-5D00380B1801}.Release|Any CPU.Build.0 = Release|Any CPU
		{D5BC5E9A-4EE6-409D-A754-5D00380B1801}.Release|x64.ActiveCfg = Release|Any CPU
		{D5BC5E9A-4EE6-409D-A754-5D00380B1801}.Release|x64.Build.0 = Release|Any CPU
		{D5BC5E9A-4EE6-409D-A754-5D00380B1801}.Release|x86.ActiveCfg = Release|Any CPU
		{D5BC5E9A-4EE6-409D-A754-5D00380B1801}.Release|x86.Build.0 = Release|Any CPU
		{6FC52CF0-F894-499F-9DC4-F3CE26C7618A}.Debug|Any CPU.ActiveCfg = Debug|Any CPU
		{6FC52CF0-F894-499F-9DC4-F3CE26C7618A}.Debug|Any CPU.Build.0 = Debug|Any CPU
		{6FC52CF0-F894-499F-9DC4-F3CE26C7618A}.Debug|x64.ActiveCfg = Debug|Any CPU
		{6FC52CF0-F894-499F-9DC4-F3CE26C7618A}.Debug|x64.Build.0 = Debug|Any CPU
		{6FC52CF0-F894-499F-9DC4-F3CE26C7618A}.Debug|x86.ActiveCfg = Debug|Any CPU
		{6FC52CF0-F894-499F-9DC4-F3CE26C7618A}.Debug|x86.Build.0 = Debug|Any CPU
		{6FC52CF0-F894-499F-9DC4-F3CE26C7618A}.Release|Any CPU.ActiveCfg = Release|Any CPU
		{6FC52CF0-F894-499F-9DC4-F3CE26C7618A}.Release|Any CPU.Build.0 = Release|Any CPU
		{6FC52CF0-F894-499F-9DC4-F3CE26C7618A}.Release|x64.ActiveCfg = Release|Any CPU
		{6FC52CF0-F894-499F-9DC4-F3CE26C7618A}.Release|x64.Build.0 = Release|Any CPU
		{6FC52CF0-F894-499F-9DC4-F3CE26C7618A}.Release|x86.ActiveCfg = Release|Any CPU
		{6FC52CF0-F894-499F-9DC4-F3CE26C7618A}.Release|x86.Build.0 = Release|Any CPU
		{D2847BB2-46F6-42FF-A36A-9DEAF72A1047}.Debug|Any CPU.ActiveCfg = Debug|Any CPU
		{D2847BB2-46F6-42FF-A36A-9DEAF72A1047}.Debug|Any CPU.Build.0 = Debug|Any CPU
		{D2847BB2-46F6-42FF-A36A-9DEAF72A1047}.Debug|x64.ActiveCfg = Debug|Any CPU
		{D2847BB2-46F6-42FF-A36A-9DEAF72A1047}.Debug|x64.Build.0 = Debug|Any CPU
		{D2847BB2-46F6-42FF-A36A-9DEAF72A1047}.Debug|x86.ActiveCfg = Debug|Any CPU
		{D2847BB2-46F6-42FF-A36A-9DEAF72A1047}.Debug|x86.Build.0 = Debug|Any CPU
		{D2847BB2-46F6-42FF-A36A-9DEAF72A1047}.Release|Any CPU.ActiveCfg = Release|Any CPU
		{D2847BB2-46F6-42FF-A36A-9DEAF72A1047}.Release|Any CPU.Build.0 = Release|Any CPU
		{D2847BB2-46F6-42FF-A36A-9DEAF72A1047}.Release|x64.ActiveCfg = Release|Any CPU
		{D2847BB2-46F6-42FF-A36A-9DEAF72A1047}.Release|x64.Build.0 = Release|Any CPU
		{D2847BB2-46F6-42FF-A36A-9DEAF72A1047}.Release|x86.ActiveCfg = Release|Any CPU
		{D2847BB2-46F6-42FF-A36A-9DEAF72A1047}.Release|x86.Build.0 = Release|Any CPU
		{A550B01F-4387-4CCB-820F-0197085C1671}.Debug|Any CPU.ActiveCfg = Debug|Any CPU
		{A550B01F-4387-4CCB-820F-0197085C1671}.Debug|Any CPU.Build.0 = Debug|Any CPU
		{A550B01F-4387-4CCB-820F-0197085C1671}.Debug|x64.ActiveCfg = Debug|Any CPU
		{A550B01F-4387-4CCB-820F-0197085C1671}.Debug|x64.Build.0 = Debug|Any CPU
		{A550B01F-4387-4CCB-820F-0197085C1671}.Debug|x86.ActiveCfg = Debug|Any CPU
		{A550B01F-4387-4CCB-820F-0197085C1671}.Debug|x86.Build.0 = Debug|Any CPU
		{A550B01F-4387-4CCB-820F-0197085C1671}.Release|Any CPU.ActiveCfg = Release|Any CPU
		{A550B01F-4387-4CCB-820F-0197085C1671}.Release|Any CPU.Build.0 = Release|Any CPU
		{A550B01F-4387-4CCB-820F-0197085C1671}.Release|x64.ActiveCfg = Release|Any CPU
		{A550B01F-4387-4CCB-820F-0197085C1671}.Release|x64.Build.0 = Release|Any CPU
		{A550B01F-4387-4CCB-820F-0197085C1671}.Release|x86.ActiveCfg = Release|Any CPU
		{A550B01F-4387-4CCB-820F-0197085C1671}.Release|x86.Build.0 = Release|Any CPU
		{603DEF23-08DD-4716-9385-EC0DD8AAC16B}.Debug|Any CPU.ActiveCfg = Debug|Any CPU
		{603DEF23-08DD-4716-9385-EC0DD8AAC16B}.Debug|Any CPU.Build.0 = Debug|Any CPU
		{603DEF23-08DD-4716-9385-EC0DD8AAC16B}.Debug|x64.ActiveCfg = Debug|Any CPU
		{603DEF23-08DD-4716-9385-EC0DD8AAC16B}.Debug|x64.Build.0 = Debug|Any CPU
		{603DEF23-08DD-4716-9385-EC0DD8AAC16B}.Debug|x86.ActiveCfg = Debug|Any CPU
		{603DEF23-08DD-4716-9385-EC0DD8AAC16B}.Debug|x86.Build.0 = Debug|Any CPU
		{603DEF23-08DD-4716-9385-EC0DD8AAC16B}.Release|Any CPU.ActiveCfg = Release|Any CPU
		{603DEF23-08DD-4716-9385-EC0DD8AAC16B}.Release|Any CPU.Build.0 = Release|Any CPU
		{603DEF23-08DD-4716-9385-EC0DD8AAC16B}.Release|x64.ActiveCfg = Release|Any CPU
		{603DEF23-08DD-4716-9385-EC0DD8AAC16B}.Release|x64.Build.0 = Release|Any CPU
		{603DEF23-08DD-4716-9385-EC0DD8AAC16B}.Release|x86.ActiveCfg = Release|Any CPU
		{603DEF23-08DD-4716-9385-EC0DD8AAC16B}.Release|x86.Build.0 = Release|Any CPU
		{432630F2-82AD-4C3A-B8BD-CBE621CBDC5F}.Debug|Any CPU.ActiveCfg = Debug|Any CPU
		{432630F2-82AD-4C3A-B8BD-CBE621CBDC5F}.Debug|Any CPU.Build.0 = Debug|Any CPU
		{432630F2-82AD-4C3A-B8BD-CBE621CBDC5F}.Debug|x64.ActiveCfg = Debug|Any CPU
		{432630F2-82AD-4C3A-B8BD-CBE621CBDC5F}.Debug|x64.Build.0 = Debug|Any CPU
		{432630F2-82AD-4C3A-B8BD-CBE621CBDC5F}.Debug|x86.ActiveCfg = Debug|Any CPU
		{432630F2-82AD-4C3A-B8BD-CBE621CBDC5F}.Debug|x86.Build.0 = Debug|Any CPU
		{432630F2-82AD-4C3A-B8BD-CBE621CBDC5F}.Release|Any CPU.ActiveCfg = Release|Any CPU
		{432630F2-82AD-4C3A-B8BD-CBE621CBDC5F}.Release|Any CPU.Build.0 = Release|Any CPU
		{432630F2-82AD-4C3A-B8BD-CBE621CBDC5F}.Release|x64.ActiveCfg = Release|Any CPU
		{432630F2-82AD-4C3A-B8BD-CBE621CBDC5F}.Release|x64.Build.0 = Release|Any CPU
		{432630F2-82AD-4C3A-B8BD-CBE621CBDC5F}.Release|x86.ActiveCfg = Release|Any CPU
		{432630F2-82AD-4C3A-B8BD-CBE621CBDC5F}.Release|x86.Build.0 = Release|Any CPU
	EndGlobalSection
	GlobalSection(SolutionProperties) = preSolution
		HideSolutionNode = FALSE
	EndGlobalSection
	GlobalSection(NestedProjects) = preSolution
		{D5BC5E9A-4EE6-409D-A754-5D00380B1801} = {827E0CD3-B72D-47B6-A68D-7590B98EB39B}
		{6FC52CF0-F894-499F-9DC4-F3CE26C7618A} = {827E0CD3-B72D-47B6-A68D-7590B98EB39B}
		{D2847BB2-46F6-42FF-A36A-9DEAF72A1047} = {827E0CD3-B72D-47B6-A68D-7590B98EB39B}
		{A550B01F-4387-4CCB-820F-0197085C1671} = {827E0CD3-B72D-47B6-A68D-7590B98EB39B}
		{603DEF23-08DD-4716-9385-EC0DD8AAC16B} = {827E0CD3-B72D-47B6-A68D-7590B98EB39B}
		{432630F2-82AD-4C3A-B8BD-CBE621CBDC5F} = {827E0CD3-B72D-47B6-A68D-7590B98EB39B}
	EndGlobalSection
EndGlobal
